# THIS IS AN AUTOGENERATED FILE. DO NOT EDIT THIS FILE DIRECTLY.
# yarn lockfile v1


"@polymer/lit-element@^0.4.0":
  version "0.4.0"
  resolved "https://registry.yarnpkg.com/@polymer/lit-element/-/lit-element-0.4.0.tgz#d10d99646270a45daf08ed0d936cdd25cdca4fa1"
  dependencies:
    "@polymer/polymer" "^3.0.0-pre.13"
    lit-html "^0.9.0"

"@polymer/polymer@^3.0.0-pre.13":
  version "3.0.0-pre.13"
  resolved "https://registry.yarnpkg.com/@polymer/polymer/-/polymer-3.0.0-pre.13.tgz#1fa52303bc33157c24a9116653590663ad7173a1"
  dependencies:
    "@webcomponents/shadycss" "^1.2.0-0"

"@webcomponents/shadycss@^1.2.0-0":
  version "1.2.0-0"
  resolved "https://registry.yarnpkg.com/@webcomponents/shadycss/-/shadycss-1.2.0-0.tgz#3c1dd63c934de6bb253abb6d13e658e5f08e3371"

"@webcomponents/webcomponentsjs@^1.2.0":
  version "1.2.0"
  resolved "https://registry.yarnpkg.com/@webcomponents/webcomponentsjs/-/webcomponentsjs-1.2.0.tgz#c9e129340c3e4637f5fa6505e968e85face7bd5b"

lit-html@^0.9.0:
  version "0.9.0"
  resolved "https://registry.yarnpkg.com/lit-html/-/lit-html-0.9.0.tgz#a445ecbb3da7d8b17690e6ade6c872c89385092a"
